// !$*UTF8*$!
{
	archiveVersion = 1;
	classes = {
	};
	objectVersion = 46;
	objects = {

/* Begin PBXBuildFile section */
		AB145DA51BB2CE8C00C92CB9 /* main.m in Sources */ = {isa = PBXBuildFile; fileRef = AB145DA41BB2CE8C00C92CB9 /* main.m */; };
		AB145DA81BB2CE8C00C92CB9 /* AppDelegate.m in Sources */ = {isa = PBXBuildFile; fileRef = AB145DA71BB2CE8C00C92CB9 /* AppDelegate.m */; };
		AB145DB01BB2CE8C00C92CB9 /* Assets.xcassets in Resources */ = {isa = PBXBuildFile; fileRef = AB145DAF1BB2CE8C00C92CB9 /* Assets.xcassets */; };
		AB145DB31BB2CE8C00C92CB9 /* LaunchScreen.storyboard in Resources */ = {isa = PBXBuildFile; fileRef = AB145DB11BB2CE8C00C92CB9 /* LaunchScreen.storyboard */; };
		AB145DBD1BB2D5E600C92CB9 /* CHDemoViewController.m in Sources */ = {isa = PBXBuildFile; fileRef = AB145DBC1BB2D5E600C92CB9 /* CHDemoViewController.m */; settings = {ASSET_TAGS = (); }; };
		AB145DC11BB2DFF900C92CB9 /* CHBadgeView.m in Sources */ = {isa = PBXBuildFile; fileRef = AB145DC01BB2DFF900C92CB9 /* CHBadgeView.m */; settings = {ASSET_TAGS = (); }; };
/* End PBXBuildFile section */

/* Begin PBXFileReference section */
		AB145DA01BB2CE8C00C92CB9 /* CHBadgeView.app */ = {isa = PBXFileReference; explicitFileType = wrapper.application; includeInIndex = 0; path = CHBadgeView.app; sourceTree = BUILT_PRODUCTS_DIR; };
		AB145DA41BB2CE8C00C92CB9 /* main.m */ = {isa = PBXFileReference; lastKnownFileType = sourcecode.c.objc; path = main.m; sourceTree = "<group>"; };
		AB145DA61BB2CE8C00C92CB9 /* AppDelegate.h */ = {isa = PBXFileReference; lastKnownFileType = sourcecode.c.h; path = AppDelegate.h; sourceTree = "<group>"; };
		AB145DA71BB2CE8C00C92CB9 /* AppDelegate.m */ = {isa = PBXFileReference; lastKnownFileType = sourcecode.c.objc; path = AppDelegate.m; sourceTree = "<group>"; };
		AB145DAF1BB2CE8C00C92CB9 /* Assets.xcassets */ = {isa = PBXFileReference; lastKnownFileType = folder.assetcatalog; path = Assets.xcassets; sourceTree = "<group>"; };
		AB145DB21BB2CE8C00C92CB9 /* Base */ = {isa = PBXFileReference; lastKnownFileType = file.storyboard; name = Base; path = Base.lproj/LaunchScreen.storyboard; sourceTree = "<group>"; };
		AB145DB41BB2CE8C00C92CB9 /* Info.plist */ = {isa = PBXFileReference; lastKnownFileType = text.plist.xml; path = Info.plist; sourceTree = "<group>"; };
		AB145DBB1BB2D5E600C92CB9 /* CHDemoViewController.h */ = {isa = PBXFileReference; fileEncoding = 4; lastKnownFileType = sourcecode.c.h; path = CHDemoViewController.h; sourceTree = "<group>"; };
		AB145DBC1BB2D5E600C92CB9 /* CHDemoViewController.m */ = {isa = PBXFileReference; fileEncoding = 4; lastKnownFileType = sourcecode.c.objc; path = CHDemoViewController.m; sourceTree = "<group>"; };
		AB145DBF1BB2DFF900C92CB9 /* CHBadgeView.h */ = {isa = PBXFileReference; fileEncoding = 4; lastKnownFileType = sourcecode.c.h; name = CHBadgeView.h; path = CHBadgeView/CHBadgeView.h; sourceTree = "<group>"; };
		AB145DC01BB2DFF900C92CB9 /* CHBadgeView.m */ = {isa = PBXFileReference; fileEncoding = 4; lastKnownFileType = sourcecode.c.objc; name = CHBadgeView.m; path = CHBadgeView/CHBadgeView.m; sourceTree = "<group>"; };
/* End PBXFileReference section */

/* Begin PBXFrameworksBuildPhase section */
		AB145D9D1BB2CE8C00C92CB9 /* Frameworks */ = {
			isa = PBXFrameworksBuildPhase;
			buildActionMask = 2147483647;
			files = (
			);
			runOnlyForDeploymentPostprocessing = 0;
		};
/* End PBXFrameworksBuildPhase section */

/* Begin PBXGroup section */
		AB145D971BB2CE8C00C92CB9 = {
			isa = PBXGroup;
			children = (
				AB145DA21BB2CE8C00C92CB9 /* CHBadgeView */,
				AB145DA11BB2CE8C00C92CB9 /* Products */,
			);
			sourceTree = "<group>";
		};
		AB145DA11BB2CE8C00C92CB9 /* Products */ = {
			isa = PBXGroup;
			children = (
				AB145DA01BB2CE8C00C92CB9 /* CHBadgeView.app */,
			);
			name = Products;
			sourceTree = "<group>";
		};
		AB145DA21BB2CE8C00C92CB9 /* CHBadgeView */ = {
			isa = PBXGroup;
			children = (
				AB145DBE1BB2DFDB00C92CB9 /* CHBadgeView */,
				AB145DBA1BB2D5C900C92CB9 /* Demo */,
				AB145DA61BB2CE8C00C92CB9 /* AppDelegate.h */,
				AB145DA71BB2CE8C00C92CB9 /* AppDelegate.m */,
				AB145DAF1BB2CE8C00C92CB9 /* Assets.xcassets */,
				AB145DB11BB2CE8C00C92CB9 /* LaunchScreen.storyboard */,
				AB145DB41BB2CE8C00C92CB9 /* Info.plist */,
				AB145DA31BB2CE8C00C92CB9 /* Supporting Files */,
			);
			path = CHBadgeView;
			sourceTree = "<group>";
		};
		AB145DA31BB2CE8C00C92CB9 /* Supporting Files */ = {
			isa = PBXGroup;
			children = (
				AB145DA41BB2CE8C00C92CB9 /* main.m */,
			);
			name = "Supporting Files";
			sourceTree = "<group>";
		};
		AB145DBA1BB2D5C900C92CB9 /* Demo */ = {
			isa = PBXGroup;
			children = (
				AB145DBB1BB2D5E600C92CB9 /* CHDemoViewController.h */,
				AB145DBC1BB2D5E600C92CB9 /* CHDemoViewController.m */,
			);
			name = Demo;
			sourceTree = "<group>";
		};
		AB145DBE1BB2DFDB00C92CB9 /* CHBadgeView */ = {
			isa = PBXGroup;
			children = (
				AB145DBF1BB2DFF900C92CB9 /* CHBadgeView.h */,
				AB145DC01BB2DFF900C92CB9 /* CHBadgeView.m */,
			);
			name = CHBadgeView;
			sourceTree = "<group>";
		};
/* End PBXGroup section */

/* Begin PBXNativeTarget section */
		AB145D9F1BB2CE8C00C92CB9 /* CHBadgeView */ = {
			isa = PBXNativeTarget;
			buildConfigurationList = AB145DB71BB2CE8C00C92CB9 /* Build configuration list for PBXNativeTarget "CHBadgeView" */;
			buildPhases = (
				AB145D9C1BB2CE8C00C92CB9 /* Sources */,
				AB145D9D1BB2CE8C00C92CB9 /* Frameworks */,
				AB145D9E1BB2CE8C00C92CB9 /* Resources */,
			);
			buildRules = (
			);
			dependencies = (
			);
			name = CHBadgeView;
			productName = CHBadgeView;
			productReference = AB145DA01BB2CE8C00C92CB9 /* CHBadgeView.app */;
			productType = "com.apple.product-type.application";
		};
/* End PBXNativeTarget section */

/* Begin PBXProject section */
		AB145D981BB2CE8C00C92CB9 /* Project object */ = {
			isa = PBXProject;
			attributes = {
				LastUpgradeCheck = 0700;
				ORGANIZATIONNAME = Cocoabeats;
				TargetAttributes = {
					AB145D9F1BB2CE8C00C92CB9 = {
						CreatedOnToolsVersion = 7.0;
					};
				};
			};
			buildConfigurationList = AB145D9B1BB2CE8C00C92CB9 /* Build configuration list for PBXProject "CHBadgeView" */;
			compatibilityVersion = "Xcode 3.2";
			developmentRegion = English;
			hasScannedForEncodings = 0;
			knownRegions = (
				en,
				Base,
			);
			mainGroup = AB145D971BB2CE8C00C92CB9;
			productRefGroup = AB145DA11BB2CE8C00C92CB9 /* Products */;
			projectDirPath = "";
			projectRoot = "";
			targets = (
				AB145D9F1BB2CE8C00C92CB9 /* CHBadgeView */,
			);
		};
/* End PBXProject section */

/* Begin PBXResourcesBuildPhase section */
		AB145D9E1BB2CE8C00C92CB9 /* Resources */ = {
			isa = PBXResourcesBuildPhase;
			buildActionMask = 2147483647;
			files = (
				AB145DB31BB2CE8C00C92CB9 /* LaunchScreen.storyboard in Resources */,
				AB145DB01BB2CE8C00C92CB9 /* Assets.xcassets in Resources */,
			);
			runOnlyForDeploymentPostprocessing = 0;
		};
/* End PBXResourcesBuildPhase section */

/* Begin PBXSourcesBuildPhase section */
		AB145D9C1BB2CE8C00C92CB9 /* Sources */ = {
			isa = PBXSourcesBuildPhase;
			buildActionMask = 2147483647;
			files = (
				AB145DA81BB2CE8C00C92CB9 /* AppDelegate.m in Sources */,
				AB145DC11BB2DFF900C92CB9 /* CHBadgeView.m in Sources */,
				AB145DBD1BB2D5E600C92CB9 /* CHDemoViewController.m in Sources */,
				AB145DA51BB2CE8C00C92CB9 /* main.m in Sources */,
			);
			runOnlyForDeploymentPostprocessing = 0;
		};
/* End PBXSourcesBuildPhase section */

/* Begin PBXVariantGroup section */
		AB145DB11BB2CE8C00C92CB9 /* LaunchScreen.storyboard */ = {
			isa = PBXVariantGroup;
			children = (
				AB145DB21BB2CE8C00C92CB9 /* Base */,
			);
			name = LaunchScreen.storyboard;
			sourceTree = "<group>";
		};
/* End PBXVariantGroup section */

/* Begin XCBuildConfiguration section */
		AB145DB51BB2CE8C00C92CB9 /* Debug */ = {
			isa = XCBuildConfiguration;
			buildSettings = {
				ALWAYS_SEARCH_USER_PATHS = NO;
				CLANG_CXX_LANGUAGE_STANDARD = "gnu++0x";
				CLANG_CXX_LIBRARY = "libc++";
				CLANG_ENABLE_MODULES = YES;
				CLANG_ENABLE_OBJC_ARC = YES;
				CLANG_WARN_BOOL_CONVERSION = YES;
				CLANG_WARN_CONSTANT_CONVERSION = YES;
				CLANG_WARN_DIRECT_OBJC_ISA_USAGE = YES_ERROR;
				CLANG_WARN_EMPTY_BODY = YES;
				CLANG_WARN_ENUM_CONVERSION = YES;
				CLANG_WARN_INT_CONVERSION = YES;
				CLANG_WARN_OBJC_ROOT_CLASS = YES_ERROR;
				CLANG_WARN_UNREACHABLE_CODE = YES;
				CLANG_WARN__DUPLICATE_METHOD_MATCH = YES;
				"CODE_SIGN_IDENTITY[sdk=iphoneos*]" = "iPhone Developer";
				COPY_PHASE_STRIP = NO;
				DEBUG_INFORMATION_FORMAT = dwarf;
				ENABLE_STRICT_OBJC_MSGSEND = YES;
				ENABLE_TESTABILITY = YES;
				GCC_C_LANGUAGE_STANDARD = gnu99;
				GCC_DYNAMIC_NO_PIC = NO;
				GCC_NO_COMMON_BLOCKS = YES;
				GCC_OPTIMIZATION_LEVEL = 0;
				GCC_PREPROCESSOR_DEFINITIONS = (
					"DEBUG=1",
					"$(inherited)",
				);
				GCC_WARN_64_TO_32_BIT_CONVERSION = YES;
				GCC_WARN_ABOUT_RETURN_TYPE = YES_ERROR;
				GCC_WARN_UNDECLARED_SELECTOR = YES;
				GCC_WARN_UNINITIALIZED_AUTOS = YES_AGGRESSIVE;
				GCC_WARN_UNUSED_FUNCTION = YES;
				GCC_WARN_UNUSED_VARIABLE = YES;
				IPHONEOS_DEPLOYMENT_TARGET = 9.0;
				MTL_ENABLE_DEBUG_INFO = YES;
				ONLY_ACTIVE_ARCH = YES;
				SDKROOT = iphoneos;
				TARGETED_DEVICE_FAMILY = "1,2";
			};
			name = Debug;
		};
		AB145DB61BB2CE8C00C92CB9 /* Release */ = {
			isa = XCBuildConfiguration;
			buildSettings = {
				ALWAYS_SEARCH_USER_PATHS = NO;
				CLANG_CXX_LANGUAGE_STANDARD = "gnu++0x";
				CLANG_CXX_LIBRARY = "libc++";
				CLANG_ENABLE_MODULES = YES;
				CLANG_ENABLE_OBJC_ARC = YES;
				CLANG_WARN_BOOL_CONVERSION = YES;
				CLANG_WARN_CONSTANT_CONVERSION = YES;
				CLANG_WARN_DIRECT_OBJC_ISA_USAGE = YES_ERROR;
				CLANG_WARN_EMPTY_BODY = YES;
				CLANG_WARN_ENUM_CONVERSION = YES;
				CLANG_WARN_INT_CONVERSION = YES;
				CLANG_WARN_OBJC_ROOT_CLASS = YES_ERROR;
				CLANG_WARN_UNREACHABLE_CODE = YES;
				CLANG_WARN__DUPLICATE_METHOD_MATCH = YES;
				"CODE_SIGN_IDENTITY[sdk=iphoneos*]" = "iPhone Developer";
				COPY_PHASE_STRIP = NO;
				DEBUG_INFORMATION_FORMAT = "dwarf-with-dsym";
				ENABLE_NS_ASSERTIONS = NO;
				ENABLE_STRICT_OBJC_MSGSEND = YES;
				GCC_C_LANGUAGE_STANDARD = gnu99;
				GCC_NO_COMMON_BLOCKS = YES;
				GCC_WARN_64_TO_32_BIT_CONVERSION = YES;
				GCC_WARN_ABOUT_RETURN_TYPE = YES_ERROR;
				GCC_WARN_UNDECLARED_SELECTOR = YES;
				GCC_WARN_UNINITIALIZED_AUTOS = YES_AGGRESSIVE;
				GCC_WARN_UNUSED_FUNCTION = YES;
				GCC_WARN_UNUSED_VARIABLE = YES;
				IPHONEOS_DEPLOYMENT_TARGET = 9.0;
				MTL_ENABLE_DEBUG_INFO = NO;
				SDKROOT = iphoneos;
				TARGETED_DEVICE_FAMILY = "1,2";
				VALIDATE_PRODUCT = YES;
			};
			name = Release;
		};
		AB145DB81BB2CE8C00C92CB9 /* Debug */ = {
			isa = XCBuildConfiguration;
			buildSettings = {
				ASSETCATALOG_COMPILER_APPICON_NAME = AppIcon;
				INFOPLIST_FILE = CHBadgeView/Info.plist;
				LD_RUNPATH_SEARCH_PATHS = "$(inherited) @executable_path/Frameworks";
				PRODUCT_BUNDLE_IDENTIFIER = com.cocoabeats.CHBadgeView;
				PRODUCT_NAME = "$(TARGET_NAME)";
			};
			name = Debug;
		};
		AB145DB91BB2CE8C00C92CB9 /* Release */ = {
			isa = XCBuildConfiguration;
			buildSettings = {
				ASSETCATALOG_COMPILER_APPICON_NAME = AppIcon;
				INFOPLIST_FILE = CHBadgeView/Info.plist;
				LD_RUNPATH_SEARCH_PATHS = "$(inherited) @executable_path/Frameworks";
				PRODUCT_BUNDLE_IDENTIFIER = com.cocoabeats.CHBadgeView;
				PRODUCT_NAME = "$(TARGET_NAME)";
			};
			name = Release;
		};
/* End XCBuildConfiguration section */

/* Begin XCConfigurationList section */
		AB145D9B1BB2CE8C00C92CB9 /* Build configuration list for PBXProject "CHBadgeView" */ = {
			isa = XCConfigurationList;
			buildConfigurations = (
				AB145DB51BB2CE8C00C92CB9 /* Debug */,
				AB145DB61BB2CE8C00C92CB9 /* Release */,
			);
			defaultConfigurationIsVisible = 0;
			defaultConfigurationName = Release;
		};
		AB145DB71BB2CE8C00C92CB9 /* Build configuration list for PBXNativeTarget "CHBadgeView" */ = {
			isa = XCConfigurationList;
			buildConfigurations = (
				AB145DB81BB2CE8C00C92CB9 /* Debug */,
				AB145DB91BB2CE8C00C92CB9 /* Release */,
			);
			defaultConfigurationIsVisible = 0;
		};
/* End XCConfigurationList section */
	};
	rootObject = AB145D981BB2CE8C00C92CB9 /* Project object */;
}
